
Microsoft Visual Studio Solution File, Format Version 12.00
# Visual Studio Version 17
VisualStudioVersion = 17.10.35122.118
MinimumVisualStudioVersion = 10.0.40219.1
Project("{FAE04EC0-301F-11D3-BF4B-00C04F79EFBC}") = "ue_STY_SQLInterpreter", "ue_STY_SQLInterpreter\ue_STY_SQLInterpreter.csproj", "{D6BF4EAB-3F93-4C3D-AADF-0198E7B3A9E6}"
EndProject
Global
	GlobalSection(SolutionConfigurationPlatforms) = preSolution
		Debug|Any CPU = Debug|Any CPU
		Release|Any CPU = Release|Any CPU
	EndGlobalSection
	GlobalSection(ProjectConfigurationPlatforms) = postSolution
		{D6BF4EAB-3F93-4C3D-AADF-0198E7B3A9E6}.Debug|Any CPU.ActiveCfg = Debug|Any CPU
		{D6BF4EAB-3F93-4C3D-AADF-0198E7B3A9E6}.Debug|Any CPU.Build.0 = Debug|Any CPU
		{D6BF4EAB-3F93-4C3D-AADF-0198E7B3A9E6}.Release|Any CPU.ActiveCfg = Release|Any CPU
		{D6BF4EAB-3F93-4C3D-AADF-0198E7B3A9E6}.Release|Any CPU.Build.0 = Release|Any CPU
	EndGlobalSection
	GlobalSection(SolutionProperties) = preSolution
		HideSolutionNode = FALSE
	EndGlobalSection
	GlobalSection(ExtensibilityGlobals) = postSolution
		SolutionGuid = {7AB4D2B2-5DAD-4877-940D-620FCCA5DD78}
	EndGlobalSection
EndGlobal
